
Microsoft Visual Studio Solution File, Format Version 12.00
# Visual Studio 15
VisualStudioVersion = 15.0.27428.1
MinimumVisualStudioVersion = 10.0.40219.1
Project("{FAE04EC0-301F-11D3-BF4B-00C04F79EFBC}") = "直方图均衡化", "直方图均衡化\直方图均衡化.csproj", "{F1BF32EE-B2C8-41BC-9397-2F27231D5026}"
EndProject
Global
	GlobalSection(SolutionConfigurationPlatforms) = preSolution
		Debug|Any CPU = Debug|Any CPU
		Release|Any CPU = Release|Any CPU
	EndGlobalSection
	GlobalSection(ProjectConfigurationPlatforms) = postSolution
		{F1BF32EE-B2C8-41BC-9397-2F27231D5026}.Debug|Any CPU.ActiveCfg = Debug|Any CPU
		{F1BF32EE-B2C8-41BC-9397-2F27231D5026}.Debug|Any CPU.Build.0 = Debug|Any CPU
		{F1BF32EE-B2C8-41BC-9397-2F27231D5026}.Release|Any CPU.ActiveCfg = Release|Any CPU
		{F1BF32EE-B2C8-41BC-9397-2F27231D5026}.Release|Any CPU.Build.0 = Release|Any CPU
	EndGlobalSection
	GlobalSection(SolutionProperties) = preSolution
		HideSolutionNode = FALSE
	EndGlobalSection
	GlobalSection(ExtensibilityGlobals) = postSolution
		SolutionGuid = {7025857C-FFE0-4A4F-936C-ECEC3D0C6793}
	EndGlobalSection
EndGlobal
